<?xml version="1.0" encoding="utf-8"?>
<Project ToolsVersion="4.0" xmlns="http://schemas.microsoft.com/developer/msbuild/2003">
  <ItemGroup>
    <Filter Include="Source Files">
      <UniqueIdentifier>{4FC737F1-C7A5-4376-A066-2A32D752A2FF}</UniqueIdentifier>
      <Extensions>cpp;c;cc;cxx;def;odl;idl;hpj;bat;asm;asmx</Extensions>
    </Filter>
    <Filter Include="Header Files">
      <UniqueIdentifier>{93995380-89BD-4b04-88EB-625FBE52EBFB}</UniqueIdentifier>
      <Extensions>h;hh;hpp;hxx;hm;inl;inc;ipp;xsd</Extensions>
    </Filter>
    <Filter Include="Resource Files">
      <UniqueIdentifier>{67DA6AB6-F800-4c08-8B7A-83BB121AAD01}</UniqueIdentifier>
      <Extensions>rc;ico;cur;bmp;dlg;rc2;rct;bin;rgs;gif;jpg;jpeg;jpe;resx;tiff;tif;png;wav;mfcribbon-ms</Extensions>
    </Filter>
  </ItemGroup>
  <ItemGroup>
    <ClInclude Include="stdafx.h">
      <Filter>Header Files</Filter>
    </ClInclude>
    <ClInclude Include="targetver.h">
      <Filter>Header Files</Filter>
    </ClInclude>
    <ClInclude Include="..\SR544\utilities\tokenTable.h">
      <Filter>Header Files</Filter>
    </ClInclude>
    <ClInclude Include="..\SR544\utilities\display.h">
      <Filter>Header Files</Filter>
    </ClInclude>
    <ClInclude Include="..\SR544\utilities\frontpanel.h">
      <Filter>Header Files</Filter>
    </ClInclude>
    <ClInclude Include="..\SR544\utilities\instrument.h">
      <Filter>Header Files</Filter>
    </ClInclude>
    <ClInclude Include="..\SR544\utilities\motorDrive.h">
      <Filter>Header Files</Filter>
    </ClInclude>
    <ClInclude Include="..\SR544\utilities\DDS.h">
      <Filter>Header Files</Filter>
    </ClInclude>
    <ClInclude Include="..\SR544\utilities\motor.h">
      <Filter>Header Files</Filter>
    </ClInclude>
    <ClInclude Include="..\SR544\board\flash_kinetis.h">
      <Filter>Header Files</Filter>
    </ClInclude>
    <ClInclude Include="..\SR544\utilities\hardware.h">
      <Filter>Header Files</Filter>
    </ClInclude>
    <ClInclude Include="..\SR544\utilities\hal_fsl.h">
      <Filter>Header Files</Filter>
    </ClInclude>
    <ClInclude Include="..\SR544\utilities\PID.h">
      <Filter>Header Files</Filter>
    </ClInclude>
    <ClInclude Include="..\SR544\utilities\PLL.h">
      <Filter>Header Files</Filter>
    </ClInclude>
    <ClInclude Include="..\SR544\utilities\sineLUT_12bit.h">
      <Filter>Header Files</Filter>
    </ClInclude>
    <ClInclude Include="..\SR544\utilities\status.h">
      <Filter>Header Files</Filter>
    </ClInclude>
    <ClInclude Include="..\SR544\utilities\queues.h">
      <Filter>Header Files</Filter>
    </ClInclude>
    <ClInclude Include="..\SR544\utilities\config.h">
      <Filter>Header Files</Filter>
    </ClInclude>
    <ClInclude Include="..\SR544\utilities\common.h">
      <Filter>Header Files</Filter>
    </ClInclude>
    <ClInclude Include="..\SR544\utilities\dbAssert.h">
      <Filter>Header Files</Filter>
    </ClInclude>
    <ClInclude Include="..\SR544\utilities\i2c_eeprom.h">
      <Filter>Header Files</Filter>
    </ClInclude>
    <ClInclude Include="..\SR544\utilities\movAvgReuse.h">
      <Filter>Header Files</Filter>
    </ClInclude>
    <ClInclude Include="..\SR544\utilities\parser.h">
      <Filter>Header Files</Filter>
    </ClInclude>
    <ClInclude Include="..\SR544\utilities\remoteIfx.h">
      <Filter>Header Files</Filter>
    </ClInclude>
    <ClInclude Include="..\SR544\utilities\circBuffer.h">
      <Filter>Header Files</Filter>
    </ClInclude>
    <ClInclude Include="..\SR544\utilities\cmdTable.h">
      <Filter>Header Files</Filter>
    </ClInclude>
    <ClInclude Include="..\SR544\utilities\simple_commands.h">
      <Filter>Header Files</Filter>
    </ClInclude>
    <ClInclude Include="..\SR544\utilities\tokenHandling.h">
      <Filter>Header Files</Filter>
    </ClInclude>
    <ClInclude Include="..\SR544\board\io_kinetis.h">
      <Filter>Header Files</Filter>
    </ClInclude>
    <ClInclude Include="..\SR544\utilities\ADC.h">
      <Filter>Header Files</Filter>
    </ClInclude>
  </ItemGroup>
  <ItemGroup>
    <ClCompile Include="stdafx.cpp">
      <Filter>Source Files</Filter>
    </ClCompile>
    <ClCompile Include="..\SR544\utilities\tokenTable.c">
      <Filter>Source Files</Filter>
    </ClCompile>
    <ClCompile Include="..\SR544\utilities\display.c">
      <Filter>Source Files</Filter>
    </ClCompile>
    <ClCompile Include="..\SR544\utilities\frontpanel.c">
      <Filter>Source Files</Filter>
    </ClCompile>
    <ClCompile Include="..\SR544\utilities\instrument.c">
      <Filter>Source Files</Filter>
    </ClCompile>
    <ClCompile Include="..\SR544\utilities\DDS.c">
      <Filter>Source Files</Filter>
    </ClCompile>
    <ClCompile Include="..\SR544\utilities\motor.c">
      <Filter>Source Files</Filter>
    </ClCompile>
    <ClCompile Include="flash_win32.c">
      <Filter>Source Files</Filter>
    </ClCompile>
    <ClCompile Include="..\SR544\utilities\hardware.c">
      <Filter>Source Files</Filter>
    </ClCompile>
    <ClCompile Include="hal_win32.c">
      <Filter>Source Files</Filter>
    </ClCompile>
    <ClCompile Include="..\SR544\utilities\PID.c">
      <Filter>Source Files</Filter>
    </ClCompile>
    <ClCompile Include="..\SR544\utilities\PLL.c">
      <Filter>Source Files</Filter>
    </ClCompile>
    <ClCompile Include="..\SR544\utilities\sineLUT_12bit.c">
      <Filter>Source Files</Filter>
    </ClCompile>
    <ClCompile Include="..\SR544\utilities\status.c">
      <Filter>Source Files</Filter>
    </ClCompile>
    <ClCompile Include="..\SR544\utilities\queues.c">
      <Filter>Source Files</Filter>
    </ClCompile>
    <ClCompile Include="assert_win32.c">
      <Filter>Source Files</Filter>
    </ClCompile>
    <ClCompile Include="..\SR544\utilities\i2c_eeprom.c">
      <Filter>Source Files</Filter>
    </ClCompile>
    <ClCompile Include="..\SR544\utilities\movAvgReuse.c">
      <Filter>Source Files</Filter>
    </ClCompile>
    <ClCompile Include="..\SR544\utilities\parser.c">
      <Filter>Source Files</Filter>
    </ClCompile>
    <ClCompile Include="..\SR544\utilities\remoteIfx.c">
      <Filter>Source Files</Filter>
    </ClCompile>
    <ClCompile Include="..\SR544\utilities\circBuffer.c">
      <Filter>Source Files</Filter>
    </ClCompile>
    <ClCompile Include="..\SR544\utilities\cmdTable.c">
      <Filter>Source Files</Filter>
    </ClCompile>
    <ClCompile Include="..\SR544\utilities\simple_commands.c">
      <Filter>Source Files</Filter>
    </ClCompile>
    <ClCompile Include="..\SR544\utilities\tokenHandling.c">
      <Filter>Source Files</Filter>
    </ClCompile>
    <ClCompile Include="motorDrive_win32.c">
      <Filter>Source Files</Filter>
    </ClCompile>
    <ClCompile Include="io_win32.c">
      <Filter>Source Files</Filter>
    </ClCompile>
    <ClCompile Include="..\SR544\utilities\ADC.c">
      <Filter>Source Files</Filter>
    </ClCompile>
    <ClCompile Include="..\SR544\utilities\common.c">
      <Filter>Source Files</Filter>
    </ClCompile>
  </ItemGroup>
</Project>